PATH
  remote: ../ontologies_api_ruby_client
  specs:
    ontologies_api_client (2.2.0)
      activesupport (~> 7.0.4)
      excon (= 0.112.0)
      faraday
      faraday-excon (~> 2.0.0)
      faraday-multipart
      lz4-ruby
      multi_json
      oj
      parallel
      request_store
      spawnling (= 2.1.5)

GEM
  remote: https://rubygems.org/
  specs:
    activesupport (7.0.10)
      base64
      benchmark (>= 0.3)
      bigdecimal
      concurrent-ruby (~> 1.0, >= 1.0.2)
      drb
      i18n (>= 1.6, < 2)
      logger (>= 1.4.2)
      minitest (>= 5.1)
      mutex_m
      securerandom (>= 0.3)
      tzinfo (~> 2.0)
    base64 (0.3.0)
    benchmark (0.5.0)
    bigdecimal (4.1.2)
    concurrent-ruby (1.3.7)
    drb (2.2.3)
    excon (0.112.0)
    faraday (2.0.1)
      faraday-net_http (~> 2.0)
      ruby2_keywords (>= 0.0.4)
    faraday-excon (2.0.0)
      excon (>= 0.27.4)
      faraday (~> 2.0.0.alpha.pre.2)
    faraday-multipart (1.2.0)
      multipart-post (~> 2.0)
    faraday-net_http (2.1.0)
    hana (1.3.7)
    i18n (1.15.2)
      concurrent-ruby (~> 1.0)
    json_schemer (2.5.0)
      bigdecimal
      hana (~> 1.3)
      regexp_parser (~> 2.0)
      simpleidn (~> 0.2)
    logger (1.7.0)
    lz4-ruby (0.3.3)
    mcp (0.21.0)
      json_schemer (>= 2.4)
    minitest (6.0.6)
      drb (~> 2.0)
      prism (~> 1.5)
    multi_json (1.21.1)
    multipart-post (2.4.1)
    mutex_m (0.3.0)
    nio4r (2.7.5)
    oj (3.17.3)
      bigdecimal (>= 3.0)
      ostruct (>= 0.2)
    ostruct (0.6.3)
    parallel (2.1.0)
    prism (1.9.0)
    puma (8.0.2)
      nio4r (~> 2.0)
    rack (3.2.6)
    regexp_parser (2.12.0)
    request_store (1.7.0)
      rack (>= 1.4)
    ruby2_keywords (0.0.5)
    securerandom (0.4.1)
    simpleidn (0.2.3)
    spawnling (2.1.5)
    tzinfo (2.0.6)
      concurrent-ruby (~> 1.0)

PLATFORMS
  ruby
  x86_64-darwin-23

DEPENDENCIES
  mcp
  ontologies_api_client!
  puma
  rack

CHECKSUMS
  activesupport (7.0.10) sha256=01487b0774045918b36893af4f012986db8375f6c5850c0ffc75b940ede72305
  base64 (0.3.0) sha256=27337aeabad6ffae05c265c450490628ef3ebd4b67be58257393227588f5a97b
  benchmark (0.5.0) sha256=465df122341aedcb81a2a24b4d3bd19b6c67c1530713fd533f3ff034e419236c
  bigdecimal (4.1.2) sha256=53d217666027eab4280346fba98e7d5b66baaae1b9c3c1c0ffe89d48188a3fbd
  concurrent-ruby (1.3.7) sha256=4412caec3a5ea2e5fdc52076724c071a81f2c0593d83b2ac8cbb8ca63b3151b0
  drb (2.2.3) sha256=0b00d6fdb50995fe4a45dea13663493c841112e4068656854646f418fda13373
  excon (0.112.0) sha256=daf9ac3a4c2fc9aa48383a33da77ecb44fa395111e973084d5c52f6f214ae0f0
  faraday (2.0.1) sha256=a3aa9a2275ee07d843fae755790544290b36f2e5f4c429a1005d631f8e1c499d
  faraday-excon (2.0.0) sha256=b2e2d3d86356683e537af02e41cb733ca0273315899b6f9b40fa63ebeb664604
  faraday-multipart (1.2.0) sha256=7d89a949693714176f612323ca13746a2ded204031a6ba528adee788694ef757
  faraday-net_http (2.1.0) sha256=92ebb7aafce17719ef01ae02faba0d888e04c546530bc400b8fce1fc1ee4d1e5
  hana (1.3.7) sha256=5425db42d651fea08859811c29d20446f16af196308162894db208cac5ce9b0d
  i18n (1.15.2) sha256=00f9eb62412fe593b2a65a97daa75300d37abb8f7202ec748e94b6d46a9dd1b5
  json_schemer (2.5.0) sha256=2f01fb4cce721a4e08dd068fc2030cffd0702a7f333f1ea2be6e8991f00ae396
  logger (1.7.0) sha256=196edec7cc44b66cfb40f9755ce11b392f21f7967696af15d274dde7edff0203
  lz4-ruby (0.3.3) sha256=011be5ee230cfddc8308d4e2e0b05300c7bc755a887de799377ca6c5b6aede89
  mcp (0.21.0) sha256=316385807c737697f7eba3787e5cceb26e8b0f2e24ee486e89d2b66debf81e70
  minitest (6.0.6) sha256=153ea36d1d987a62942382b61075745042a2b3123b1cd48f4c3675af9cc7d6f1
  multi_json (1.21.1) sha256=e6126a31808e3b4d19f483c775ceac34df190dffa62adfb63a165ee14ba68080
  multipart-post (2.4.1) sha256=9872d03a8e552020ca096adadbf5e3cb1cd1cdd6acd3c161136b8a5737cdb4a8
  mutex_m (0.3.0) sha256=cfcb04ac16b69c4813777022fdceda24e9f798e48092a2b817eb4c0a782b0751
  nio4r (2.7.5) sha256=6c90168e48fb5f8e768419c93abb94ba2b892a1d0602cb06eef16d8b7df1dca1
  oj (3.17.3) sha256=ebe3967b0bb7ac4f206561d0d9ac8875b9973f778600d7b61b5c355662a707ed
  ontologies_api_client (2.2.0)
  ostruct (0.6.3) sha256=95a2ed4a4bd1d190784e666b47b2d3f078e4a9efda2fccf18f84ddc6538ed912
  parallel (2.1.0) sha256=b35258865c2e31134c5ecb708beaaf6772adf9d5efae28e93e99260877b09356
  prism (1.9.0) sha256=7b530c6a9f92c24300014919c9dcbc055bf4cdf51ec30aed099b06cd6674ef85
  puma (8.0.2) sha256=c8ed871dfbbe66448ea9ffd46692342d9804d4071522b52b5331b7b6e7b686fb
  rack (3.2.6) sha256=5ed78e1f73b2e25679bec7d45ee2d4483cc4146eb1be0264fc4d94cb5ef212c2
  regexp_parser (2.12.0) sha256=35a916a1d63190ab5c9009457136ae5f3c0c7512d60291d0d1378ba18ce08ebb
  request_store (1.7.0) sha256=e1b75d5346a315f452242a68c937ef8e48b215b9453a77a6c0acdca2934c88cb
  ruby2_keywords (0.0.5) sha256=ffd13740c573b7301cf7a2e61fc857b2a8e3d3aff32545d6f8300d8bae10e3ef
  securerandom (0.4.1) sha256=cc5193d414a4341b6e225f0cb4446aceca8e50d5e1888743fac16987638ea0b1
  simpleidn (0.2.3) sha256=08ce96f03fa1605286be22651ba0fc9c0b2d6272c9b27a260bc88be05b0d2c29
  spawnling (2.1.5) sha256=a892e37d9b57c70d05b1d40dab1b38fd9adddc49237f11e9872c6e02acd3c30c
  tzinfo (2.0.6) sha256=8daf828cc77bcf7d63b0e3bdb6caa47e2272dcfaf4fbfe46f8c3a9df087a829b

BUNDLED WITH
  4.0.11
